
Microsoft Visual Studio Solution File, Format Version 12.00
# Visual Studio Version 17
VisualStudioVersion = 17.9.34728.123
MinimumVisualStudioVersion = 10.0.40219.1
Project("{FAE04EC0-301F-11D3-BF4B-00C04F79EFBC}") = "šachys", "šachys\šachys.csproj", "{BDC6E94A-835A-44FE-9BE2-046CAAF2D62D}"
EndProject
Project("{2150E333-8FDC-42A3-9474-1A3956D46DE8}") = "Položky řešení", "Položky řešení", "{72A5BF95-DB19-431E-98F0-DAA617A4C29C}"
EndProject
Global
	GlobalSection(SolutionConfigurationPlatforms) = preSolution
		Debug|Any CPU = Debug|Any CPU
		Release|Any CPU = Release|Any CPU
	EndGlobalSection
	GlobalSection(ProjectConfigurationPlatforms) = postSolution
		{BDC6E94A-835A-44FE-9BE2-046CAAF2D62D}.Debug|Any CPU.ActiveCfg = Debug|Any CPU
		{BDC6E94A-835A-44FE-9BE2-046CAAF2D62D}.Debug|Any CPU.Build.0 = Debug|Any CPU
		{BDC6E94A-835A-44FE-9BE2-046CAAF2D62D}.Release|Any CPU.ActiveCfg = Release|Any CPU
		{BDC6E94A-835A-44FE-9BE2-046CAAF2D62D}.Release|Any CPU.Build.0 = Release|Any CPU
	EndGlobalSection
	GlobalSection(SolutionProperties) = preSolution
		HideSolutionNode = FALSE
	EndGlobalSection
	GlobalSection(ExtensibilityGlobals) = postSolution
		SolutionGuid = {7B9C1F0C-A485-497E-BCCA-17BF830BA093}
	EndGlobalSection
EndGlobal
